
Microsoft Visual Studio Solution File, Format Version 12.00
# Visual Studio Version 17
VisualStudioVersion = 17.14.36203.30 d17.14
MinimumVisualStudioVersion = 10.0.40219.1
Project("{2150E333-8FDC-42A3-9474-1A3956D46DE8}") = "aspire", "aspire", "{02EA681E-C7D8-13C7-8484-4AC65E1B71E8}"
EndProject
Project("{2150E333-8FDC-42A3-9474-1A3956D46DE8}") = "frontend", "frontend", "{184BEBA5-E8F9-4D36-8AC2-C52A9BA87DDA}"
EndProject
Project("{2150E333-8FDC-42A3-9474-1A3956D46DE8}") = "services", "services", "{63798635-08EA-4A89-80AF-B2B05EA5160B}"
EndProject
Project("{FAE04EC0-301F-11D3-BF4B-00C04F79EFBC}") = "AppHost", "AppHost\AppHost.csproj", "{22AA07F3-41E2-4D23-805D-805C75F7E859}"
EndProject
Project("{FAE04EC0-301F-11D3-BF4B-00C04F79EFBC}") = "ServiceDefaults", "ServiceDefaults\ServiceDefaults.csproj", "{1FFAC390-61FB-4FAC-9062-5E3FB5B9DB0B}"
EndProject
Global
	GlobalSection(SolutionConfigurationPlatforms) = preSolution
		Debug|Any CPU = Debug|Any CPU
		Release|Any CPU = Release|Any CPU
	EndGlobalSection
	GlobalSection(ProjectConfigurationPlatforms) = postSolution
		{22AA07F3-41E2-4D23-805D-805C75F7E859}.Debug|Any CPU.ActiveCfg = Debug|Any CPU
		{22AA07F3-41E2-4D23-805D-805C75F7E859}.Debug|Any CPU.Build.0 = Debug|Any CPU
		{22AA07F3-41E2-4D23-805D-805C75F7E859}.Release|Any CPU.ActiveCfg = Release|Any CPU
		{22AA07F3-41E2-4D23-805D-805C75F7E859}.Release|Any CPU.Build.0 = Release|Any CPU
		{1FFAC390-61FB-4FAC-9062-5E3FB5B9DB0B}.Debug|Any CPU.ActiveCfg = Debug|Any CPU
		{1FFAC390-61FB-4FAC-9062-5E3FB5B9DB0B}.Debug|Any CPU.Build.0 = Debug|Any CPU
		{1FFAC390-61FB-4FAC-9062-5E3FB5B9DB0B}.Release|Any CPU.ActiveCfg = Release|Any CPU
		{1FFAC390-61FB-4FAC-9062-5E3FB5B9DB0B}.Release|Any CPU.Build.0 = Release|Any CPU
	EndGlobalSection
	GlobalSection(SolutionProperties) = preSolution
		HideSolutionNode = FALSE
	EndGlobalSection
	GlobalSection(NestedProjects) = preSolution
		{22AA07F3-41E2-4D23-805D-805C75F7E859} = {02EA681E-C7D8-13C7-8484-4AC65E1B71E8}
		{1FFAC390-61FB-4FAC-9062-5E3FB5B9DB0B} = {02EA681E-C7D8-13C7-8484-4AC65E1B71E8}
	EndGlobalSection
	GlobalSection(ExtensibilityGlobals) = postSolution
		SolutionGuid = {7E90DAA5-763C-4772-A90C-BA59E5DB221D}
	EndGlobalSection
EndGlobal
